{
  "name": "@katalon/testops-cypress",
  "version": "1.2.2",
  "lockfileVersion": 1,
  "requires": true,
  "dependencies": {
    "@katalon/testops-api": {
      "version": "1.0.1",
      "resolved": "https://registry.npmjs.org/@katalon/testops-api/-/testops-api-1.0.1.tgz",
      "integrity": "sha512-n8ZXgU38OAe3Y8WqEahqxrybYhOC69CeaxV4UFrUo8XTR21dQcZ1pLgI9V3gfvu0bllGf3lgROQBU/2Z4eEZfg==",
      "requires": {
        "axios": "^0.21.1"
      }
    },
    "@katalon/testops-commons": {
      "version": "1.2.5",
      "resolved": "https://registry.npmjs.org/@katalon/testops-commons/-/testops-commons-1.2.5.tgz",
      "integrity": "sha512-XCjN/9QGPgYl99qGLTDAhA//zG1XLh31Aw3FgCp8nZdK2NiJC/1m6ijpD/Esc0Da85Y/+Omldi10R7Ey9ksy+A==",
      "requires": {
        "@katalon/testops-api": "^1.0.1",
        "axios": "^0.21.1",
        "dotenv": "^8.2.0",
        "uuid": "^8.3.2"
      },
      "dependencies": {
        "uuid": {
          "version": "8.3.2",
          "resolved": "https://registry.npmjs.org/uuid/-/uuid-8.3.2.tgz",
          "integrity": "sha512-+NYs2QeMWy+GWFOEm9xnn6HCDp0l7QBD7ml8zLUmJ+93Q5NF0NocErnwkTkXVFNiX3/fpC6afS8Dhb/gz7R7eg=="
        }
      }
    },
    "axios": {
      "version": "0.21.1",
      "resolved": "https://registry.npmjs.org/axios/-/axios-0.21.1.tgz",
      "integrity": "sha512-dKQiRHxGD9PPRIUNIWvZhPTPpl1rf/OxTYKsqKUDjBwYylTvV7SjSHJb9ratfyzM6wCdLCOYLzs73qpg5c4iGA==",
      "requires": {
        "follow-redirects": "^1.10.0"
      }
    },
    "dotenv": {
      "version": "8.2.0",
      "resolved": "https://registry.npmjs.org/dotenv/-/dotenv-8.2.0.tgz",
      "integrity": "sha512-8sJ78ElpbDJBHNeBzUbUVLsqKdccaa/BXF1uPTw3GrvQTBgrQrtObr2mUrE38vzYd8cEv+m/JBfDLioYcfXoaw=="
    },
    "follow-redirects": {
      "version": "1.13.1",
      "resolved": "https://registry.npmjs.org/follow-redirects/-/follow-redirects-1.13.1.tgz",
      "integrity": "sha512-SSG5xmZh1mkPGyKzjZP8zLjltIfpW32Y5QpdNJyjcfGxK3qo3NDDkZOZSFiGn1A6SclQxY9GzEwAHQ3dmYRWpg=="
    },
    "uuid": {
      "version": "9.0.0",
      "resolved": "https://registry.npmjs.org/uuid/-/uuid-9.0.0.tgz",
      "integrity": "sha512-MXcSTerfPa4uqyzStbRoTgt5XIe3x5+42+q1sDuy3R5MDk66URdLMOZe5aPX/SQd+kuYAh0FdP/pO28IkQyTeg=="
    }
  }
}
